
Microsoft Visual Studio Solution File, Format Version 12.00
# Visual Studio 15
VisualStudioVersion = 15.0.28307.489
MinimumVisualStudioVersion = 10.0.40219.1
Project("{FAE04EC0-301F-11D3-BF4B-00C04F79EFBC}") = "Excepcion", "Excepcion\Excepcion.csproj", "{F8A7A47E-0EC4-427A-B93F-7BF4476C722A}"
EndProject
Global
	GlobalSection(SolutionConfigurationPlatforms) = preSolution
		Debug|Any CPU = Debug|Any CPU
		Release|Any CPU = Release|Any CPU
	EndGlobalSection
	GlobalSection(ProjectConfigurationPlatforms) = postSolution
		{F8A7A47E-0EC4-427A-B93F-7BF4476C722A}.Debug|Any CPU.ActiveCfg = Debug|Any CPU
		{F8A7A47E-0EC4-427A-B93F-7BF4476C722A}.Debug|Any CPU.Build.0 = Debug|Any CPU
		{F8A7A47E-0EC4-427A-B93F-7BF4476C722A}.Release|Any CPU.ActiveCfg = Release|Any CPU
		{F8A7A47E-0EC4-427A-B93F-7BF4476C722A}.Release|Any CPU.Build.0 = Release|Any CPU
	EndGlobalSection
	GlobalSection(SolutionProperties) = preSolution
		HideSolutionNode = FALSE
	EndGlobalSection
	GlobalSection(ExtensibilityGlobals) = postSolution
		SolutionGuid = {17383402-71C1-4CA7-A94C-528C2A879B4C}
	EndGlobalSection
EndGlobal
